
Microsoft Visual Studio Solution File, Format Version 12.00
# Visual Studio Version 17
VisualStudioVersion = 17.14.36310.24 d17.14
MinimumVisualStudioVersion = 10.0.40219.1
Project("{8BC9CEB8-8B4A-11D0-8D11-00A0C91BC942}") = "Planner_project", "Planner_project\Planner_project.vcxproj", "{B1ECFE49-D8E9-4CB5-9ECF-8D2E975542A8}"
EndProject
Global
	GlobalSection(SolutionConfigurationPlatforms) = preSolution
		Debug|x64 = Debug|x64
		Debug|x86 = Debug|x86
		Release|x64 = Release|x64
		Release|x86 = Release|x86
	EndGlobalSection
	GlobalSection(ProjectConfigurationPlatforms) = postSolution
		{B1ECFE49-D8E9-4CB5-9ECF-8D2E975542A8}.Debug|x64.ActiveCfg = Debug|x64
		{B1ECFE49-D8E9-4CB5-9ECF-8D2E975542A8}.Debug|x64.Build.0 = Debug|x64
		{B1ECFE49-D8E9-4CB5-9ECF-8D2E975542A8}.Debug|x86.ActiveCfg = Debug|Win32
		{B1ECFE49-D8E9-4CB5-9ECF-8D2E975542A8}.Debug|x86.Build.0 = Debug|Win32
		{B1ECFE49-D8E9-4CB5-9ECF-8D2E975542A8}.Release|x64.ActiveCfg = Release|x64
		{B1ECFE49-D8E9-4CB5-9ECF-8D2E975542A8}.Release|x64.Build.0 = Release|x64
		{B1ECFE49-D8E9-4CB5-9ECF-8D2E975542A8}.Release|x86.ActiveCfg = Release|Win32
		{B1ECFE49-D8E9-4CB5-9ECF-8D2E975542A8}.Release|x86.Build.0 = Release|Win32
	EndGlobalSection
	GlobalSection(SolutionProperties) = preSolution
		HideSolutionNode = FALSE
	EndGlobalSection
	GlobalSection(ExtensibilityGlobals) = postSolution
		SolutionGuid = {BB750A40-8E94-4D01-8A7C-1EF998799DE1}
	EndGlobalSection
EndGlobal
